
Microsoft Visual Studio Solution File, Format Version 12.00
# Visual Studio Version 16
VisualStudioVersion = 16.0.31829.152
MinimumVisualStudioVersion = 10.0.40219.1
Project("{FAE04EC0-301F-11D3-BF4B-00C04F79EFBC}") = "deletefile_sftp", "deletefile_sftp\deletefile_sftp.csproj", "{A0F9438D-2527-4A10-B441-BF788025C5C2}"
EndProject
Global
	GlobalSection(SolutionConfigurationPlatforms) = preSolution
		Debug|Any CPU = Debug|Any CPU
		Release|Any CPU = Release|Any CPU
	EndGlobalSection
	GlobalSection(ProjectConfigurationPlatforms) = postSolution
		{A0F9438D-2527-4A10-B441-BF788025C5C2}.Debug|Any CPU.ActiveCfg = Debug|Any CPU
		{A0F9438D-2527-4A10-B441-BF788025C5C2}.Debug|Any CPU.Build.0 = Debug|Any CPU
		{A0F9438D-2527-4A10-B441-BF788025C5C2}.Release|Any CPU.ActiveCfg = Release|Any CPU
		{A0F9438D-2527-4A10-B441-BF788025C5C2}.Release|Any CPU.Build.0 = Release|Any CPU
	EndGlobalSection
	GlobalSection(SolutionProperties) = preSolution
		HideSolutionNode = FALSE
	EndGlobalSection
	GlobalSection(ExtensibilityGlobals) = postSolution
		SolutionGuid = {E383E628-5E02-403F-877B-D67B8D0BBEB6}
	EndGlobalSection
EndGlobal
